
Microsoft Visual Studio Solution File, Format Version 12.00
# Visual Studio Version 17
VisualStudioVersion = 17.11.35208.52
MinimumVisualStudioVersion = 10.0.40219.1
Project("{FAE04EC0-301F-11D3-BF4B-00C04F79EFBC}") = "Hub_Joystick", "Hub_Joystick.csproj", "{DF778E9C-8B4C-4DAE-9FBB-9571906CC67B}"
EndProject
Global
	GlobalSection(SolutionConfigurationPlatforms) = preSolution
		Debug|Any CPU = Debug|Any CPU
		Release|Any CPU = Release|Any CPU
	EndGlobalSection
	GlobalSection(ProjectConfigurationPlatforms) = postSolution
		{DF778E9C-8B4C-4DAE-9FBB-9571906CC67B}.Debug|Any CPU.ActiveCfg = Debug|Any CPU
		{DF778E9C-8B4C-4DAE-9FBB-9571906CC67B}.Debug|Any CPU.Build.0 = Debug|Any CPU
		{DF778E9C-8B4C-4DAE-9FBB-9571906CC67B}.Release|Any CPU.ActiveCfg = Release|Any CPU
		{DF778E9C-8B4C-4DAE-9FBB-9571906CC67B}.Release|Any CPU.Build.0 = Release|Any CPU
	EndGlobalSection
	GlobalSection(SolutionProperties) = preSolution
		HideSolutionNode = FALSE
	EndGlobalSection
	GlobalSection(ExtensibilityGlobals) = postSolution
		SolutionGuid = {C5AF294D-CA66-45D1-A65B-A35C2E06E6D0}
	EndGlobalSection
EndGlobal
